
Microsoft Visual Studio Solution File, Format Version 12.00
# Visual Studio 15
VisualStudioVersion = 15.0.28307.489
MinimumVisualStudioVersion = 10.0.40219.1
Project("{FAE04EC0-301F-11D3-BF4B-00C04F79EFBC}") = "SpreadsheetGUI", "..\u0893816\PS6\SpreadsheetGUI\SpreadsheetGUI.csproj", "{F9945146-5679-4B8E-A29E-33F63D38AC97}"
EndProject
Project("{FAE04EC0-301F-11D3-BF4B-00C04F79EFBC}") = "Spreadsheet", "..\u0893816\PS4\Spreadsheet\Spreadsheet.csproj", "{999E3422-EE4B-4944-94E7-64F119537746}"
EndProject
Project("{FAE04EC0-301F-11D3-BF4B-00C04F79EFBC}") = "Formula", "..\u0893816\PS3\Formula\Formula.csproj", "{36CB2CF9-9671-4105-B2A1-80F7E9B94D83}"
EndProject
Project("{FAE04EC0-301F-11D3-BF4B-00C04F79EFBC}") = "DependencyGraph", "..\u0893816\PS2\DependencyGraph\DependencyGraph.csproj", "{0E115680-6A9C-4924-8BAB-66B8160827CC}"
EndProject
Project("{FAE04EC0-301F-11D3-BF4B-00C04F79EFBC}") = "FormulaEvaluator", "..\u0893816\PS1\FormulaEvaluator\FormulaEvaluator.csproj", "{ED361C70-C1B1-4D48-B70A-CD2E3BF3E24E}"
EndProject
Project("{2150E333-8FDC-42A3-9474-1A3956D46DE8}") = "Model", "Model", "{17F9D4B8-CA25-466E-9ACC-751C4946B48A}"
EndProject
Project("{2150E333-8FDC-42A3-9474-1A3956D46DE8}") = "View", "View", "{0B25235B-3FD8-4319-A538-7E29A5764EE6}"
EndProject
Project("{2150E333-8FDC-42A3-9474-1A3956D46DE8}") = "Controller", "Controller", "{945B25DF-DAD8-4063-AC83-381CAFA642C7}"
EndProject
Project("{FAE04EC0-301F-11D3-BF4B-00C04F79EFBC}") = "NetworkController", "..\u0893816\CS3505 Client\NetworkController\NetworkController.csproj", "{0F1D593E-2012-4B80-97CE-0FDD42C8108F}"
EndProject
Global
	GlobalSection(SolutionConfigurationPlatforms) = preSolution
		Debug|Any CPU = Debug|Any CPU
		Debug|x86 = Debug|x86
		Release|Any CPU = Release|Any CPU
		Release|x86 = Release|x86
	EndGlobalSection
	GlobalSection(ProjectConfigurationPlatforms) = postSolution
		{F9945146-5679-4B8E-A29E-33F63D38AC97}.Debug|Any CPU.ActiveCfg = Debug|Any CPU
		{F9945146-5679-4B8E-A29E-33F63D38AC97}.Debug|Any CPU.Build.0 = Debug|Any CPU
		{F9945146-5679-4B8E-A29E-33F63D38AC97}.Debug|x86.ActiveCfg = Debug|x86
		{F9945146-5679-4B8E-A29E-33F63D38AC97}.Debug|x86.Build.0 = Debug|x86
		{F9945146-5679-4B8E-A29E-33F63D38AC97}.Release|Any CPU.ActiveCfg = Release|Any CPU
		{F9945146-5679-4B8E-A29E-33F63D38AC97}.Release|Any CPU.Build.0 = Release|Any CPU
		{F9945146-5679-4B8E-A29E-33F63D38AC97}.Release|x86.ActiveCfg = Release|x86
		{F9945146-5679-4B8E-A29E-33F63D38AC97}.Release|x86.Build.0 = Release|x86
		{999E3422-EE4B-4944-94E7-64F119537746}.Debug|Any CPU.ActiveCfg = Debug|Any CPU
		{999E3422-EE4B-4944-94E7-64F119537746}.Debug|Any CPU.Build.0 = Debug|Any CPU
		{999E3422-EE4B-4944-94E7-64F119537746}.Debug|x86.ActiveCfg = Debug|Any CPU
		{999E3422-EE4B-4944-94E7-64F119537746}.Debug|x86.Build.0 = Debug|Any CPU
		{999E3422-EE4B-4944-94E7-64F119537746}.Release|Any CPU.ActiveCfg = Release|Any CPU
		{999E3422-EE4B-4944-94E7-64F119537746}.Release|Any CPU.Build.0 = Release|Any CPU
		{999E3422-EE4B-4944-94E7-64F119537746}.Release|x86.ActiveCfg = Release|Any CPU
		{999E3422-EE4B-4944-94E7-64F119537746}.Release|x86.Build.0 = Release|Any CPU
		{36CB2CF9-9671-4105-B2A1-80F7E9B94D83}.Debug|Any CPU.ActiveCfg = Debug|Any CPU
		{36CB2CF9-9671-4105-B2A1-80F7E9B94D83}.Debug|Any CPU.Build.0 = Debug|Any CPU
		{36CB2CF9-9671-4105-B2A1-80F7E9B94D83}.Debug|x86.ActiveCfg = Debug|Any CPU
		{36CB2CF9-9671-4105-B2A1-80F7E9B94D83}.Debug|x86.Build.0 = Debug|Any CPU
		{36CB2CF9-9671-4105-B2A1-80F7E9B94D83}.Release|Any CPU.ActiveCfg = Release|Any CPU
		{36CB2CF9-9671-4105-B2A1-80F7E9B94D83}.Release|Any CPU.Build.0 = Release|Any CPU
		{36CB2CF9-9671-4105-B2A1-80F7E9B94D83}.Release|x86.ActiveCfg = Release|Any CPU
		{36CB2CF9-9671-4105-B2A1-80F7E9B94D83}.Release|x86.Build.0 = Release|Any CPU
		{0E115680-6A9C-4924-8BAB-66B8160827CC}.Debug|Any CPU.ActiveCfg = Debug|Any CPU
		{0E115680-6A9C-4924-8BAB-66B8160827CC}.Debug|Any CPU.Build.0 = Debug|Any CPU
		{0E115680-6A9C-4924-8BAB-66B8160827CC}.Debug|x86.ActiveCfg = Debug|Any CPU
		{0E115680-6A9C-4924-8BAB-66B8160827CC}.Debug|x86.Build.0 = Debug|Any CPU
		{0E115680-6A9C-4924-8BAB-66B8160827CC}.Release|Any CPU.ActiveCfg = Release|Any CPU
		{0E115680-6A9C-4924-8BAB-66B8160827CC}.Release|Any CPU.Build.0 = Release|Any CPU
		{0E115680-6A9C-4924-8BAB-66B8160827CC}.Release|x86.ActiveCfg = Release|Any CPU
		{0E115680-6A9C-4924-8BAB-66B8160827CC}.Release|x86.Build.0 = Release|Any CPU
		{ED361C70-C1B1-4D48-B70A-CD2E3BF3E24E}.Debug|Any CPU.ActiveCfg = Debug|Any CPU
		{ED361C70-C1B1-4D48-B70A-CD2E3BF3E24E}.Debug|Any CPU.Build.0 = Debug|Any CPU
		{ED361C70-C1B1-4D48-B70A-CD2E3BF3E24E}.Debug|x86.ActiveCfg = Debug|Any CPU
		{ED361C70-C1B1-4D48-B70A-CD2E3BF3E24E}.Debug|x86.Build.0 = Debug|Any CPU
		{ED361C70-C1B1-4D48-B70A-CD2E3BF3E24E}.Release|Any CPU.ActiveCfg = Release|Any CPU
		{ED361C70-C1B1-4D48-B70A-CD2E3BF3E24E}.Release|Any CPU.Build.0 = Release|Any CPU
		{ED361C70-C1B1-4D48-B70A-CD2E3BF3E24E}.Release|x86.ActiveCfg = Release|Any CPU
		{ED361C70-C1B1-4D48-B70A-CD2E3BF3E24E}.Release|x86.Build.0 = Release|Any CPU
		{0F1D593E-2012-4B80-97CE-0FDD42C8108F}.Debug|Any CPU.ActiveCfg = Debug|Any CPU
		{0F1D593E-2012-4B80-97CE-0FDD42C8108F}.Debug|Any CPU.Build.0 = Debug|Any CPU
		{0F1D593E-2012-4B80-97CE-0FDD42C8108F}.Debug|x86.ActiveCfg = Debug|Any CPU
		{0F1D593E-2012-4B80-97CE-0FDD42C8108F}.Debug|x86.Build.0 = Debug|Any CPU
		{0F1D593E-2012-4B80-97CE-0FDD42C8108F}.Release|Any CPU.ActiveCfg = Release|Any CPU
		{0F1D593E-2012-4B80-97CE-0FDD42C8108F}.Release|Any CPU.Build.0 = Release|Any CPU
		{0F1D593E-2012-4B80-97CE-0FDD42C8108F}.Release|x86.ActiveCfg = Release|Any CPU
		{0F1D593E-2012-4B80-97CE-0FDD42C8108F}.Release|x86.Build.0 = Release|Any CPU
	EndGlobalSection
	GlobalSection(SolutionProperties) = preSolution
		HideSolutionNode = FALSE
	EndGlobalSection
	GlobalSection(NestedProjects) = preSolution
		{F9945146-5679-4B8E-A29E-33F63D38AC97} = {0B25235B-3FD8-4319-A538-7E29A5764EE6}
		{999E3422-EE4B-4944-94E7-64F119537746} = {17F9D4B8-CA25-466E-9ACC-751C4946B48A}
		{36CB2CF9-9671-4105-B2A1-80F7E9B94D83} = {17F9D4B8-CA25-466E-9ACC-751C4946B48A}
		{0E115680-6A9C-4924-8BAB-66B8160827CC} = {17F9D4B8-CA25-466E-9ACC-751C4946B48A}
		{ED361C70-C1B1-4D48-B70A-CD2E3BF3E24E} = {17F9D4B8-CA25-466E-9ACC-751C4946B48A}
		{0F1D593E-2012-4B80-97CE-0FDD42C8108F} = {945B25DF-DAD8-4063-AC83-381CAFA642C7}
	EndGlobalSection
	GlobalSection(ExtensibilityGlobals) = postSolution
		SolutionGuid = {C6EE35ED-5742-4985-8E35-9C90219E728D}
	EndGlobalSection
EndGlobal
