
Microsoft Visual Studio Solution File, Format Version 12.00
# Visual Studio 15
VisualStudioVersion = 15.0.28307.489
MinimumVisualStudioVersion = 10.0.40219.1
Project("{FAE04EC0-301F-11D3-BF4B-00C04F79EFBC}") = "Resources", "Resources\Resources.csproj", "{F6D12EA0-E40B-4AAC-B4E5-07F8FB78A0A7}"
EndProject
Project("{FAE04EC0-301F-11D3-BF4B-00C04F79EFBC}") = "SpreadsheetGUI", "SpreadsheetGUI\SpreadsheetGUI.csproj", "{F9945146-5679-4B8E-A29E-33F63D38AC97}"
EndProject
Project("{2150E333-8FDC-42A3-9474-1A3956D46DE8}") = "View", "View", "{31F56CC0-90BB-473A-B4CB-2448D0BCFD43}"
EndProject
Project("{FAE04EC0-301F-11D3-BF4B-00C04F79EFBC}") = "ClientGUI", "ClientGUI\ClientGUI.csproj", "{F50891BF-7F53-493F-A950-39DC34F01B61}"
EndProject
Project("{FAE04EC0-301F-11D3-BF4B-00C04F79EFBC}") = "NetworkController", "NetworkController\NetworkController.csproj", "{D2653603-AA60-424F-8F25-00CE070F25DB}"
EndProject
Project("{2150E333-8FDC-42A3-9474-1A3956D46DE8}") = "Controller", "Controller", "{CC3ED9F3-C8AC-4F3E-B7F7-E84027D21071}"
EndProject
Project("{FAE04EC0-301F-11D3-BF4B-00C04F79EFBC}") = "SpreadsheetController", "SpreadsheetController\SpreadsheetController.csproj", "{499D6F44-F42B-42AB-9DF2-6C29C1DBDA25}"
EndProject
Project("{2150E333-8FDC-42A3-9474-1A3956D46DE8}") = "Model", "Model", "{ACA5D5F5-BA2F-4768-AAF1-C8DCA59A4FC7}"
EndProject
Project("{FAE04EC0-301F-11D3-BF4B-00C04F79EFBC}") = "JSonTest", "JSonTest\JSonTest.csproj", "{2819E787-BC10-4316-A48C-5230955BBCA7}"
EndProject
Project("{2150E333-8FDC-42A3-9474-1A3956D46DE8}") = "Test", "Test", "{916D0CC0-4C49-4C74-A0E1-D0888CBDCE44}"
EndProject
Project("{FAE04EC0-301F-11D3-BF4B-00C04F79EFBC}") = "SpreadsheetPanel", "..\u0960779\PS6\SpreadsheetPanel\SpreadsheetPanel.csproj", "{F31299DC-288F-4E46-A3AF-6BF461B21C79}"
EndProject
Global
	GlobalSection(SolutionConfigurationPlatforms) = preSolution
		Debug|Any CPU = Debug|Any CPU
		Debug|x64 = Debug|x64
		Debug|x86 = Debug|x86
		Release|Any CPU = Release|Any CPU
		Release|x64 = Release|x64
		Release|x86 = Release|x86
	EndGlobalSection
	GlobalSection(ProjectConfigurationPlatforms) = postSolution
		{F6D12EA0-E40B-4AAC-B4E5-07F8FB78A0A7}.Debug|Any CPU.ActiveCfg = Debug|Any CPU
		{F6D12EA0-E40B-4AAC-B4E5-07F8FB78A0A7}.Debug|x64.ActiveCfg = Debug|x64
		{F6D12EA0-E40B-4AAC-B4E5-07F8FB78A0A7}.Debug|x86.ActiveCfg = Debug|Any CPU
		{F6D12EA0-E40B-4AAC-B4E5-07F8FB78A0A7}.Release|Any CPU.ActiveCfg = Release|Any CPU
		{F6D12EA0-E40B-4AAC-B4E5-07F8FB78A0A7}.Release|Any CPU.Build.0 = Release|Any CPU
		{F6D12EA0-E40B-4AAC-B4E5-07F8FB78A0A7}.Release|x64.ActiveCfg = Release|x64
		{F6D12EA0-E40B-4AAC-B4E5-07F8FB78A0A7}.Release|x64.Build.0 = Release|x64
		{F6D12EA0-E40B-4AAC-B4E5-07F8FB78A0A7}.Release|x86.ActiveCfg = Release|Any CPU
		{F6D12EA0-E40B-4AAC-B4E5-07F8FB78A0A7}.Release|x86.Build.0 = Release|Any CPU
		{F9945146-5679-4B8E-A29E-33F63D38AC97}.Debug|Any CPU.ActiveCfg = Debug|Any CPU
		{F9945146-5679-4B8E-A29E-33F63D38AC97}.Debug|Any CPU.Build.0 = Debug|Any CPU
		{F9945146-5679-4B8E-A29E-33F63D38AC97}.Debug|x64.ActiveCfg = Debug|x86
		{F9945146-5679-4B8E-A29E-33F63D38AC97}.Debug|x64.Build.0 = Debug|x86
		{F9945146-5679-4B8E-A29E-33F63D38AC97}.Debug|x86.ActiveCfg = Debug|x86
		{F9945146-5679-4B8E-A29E-33F63D38AC97}.Debug|x86.Build.0 = Debug|x86
		{F9945146-5679-4B8E-A29E-33F63D38AC97}.Release|Any CPU.ActiveCfg = Release|Any CPU
		{F9945146-5679-4B8E-A29E-33F63D38AC97}.Release|Any CPU.Build.0 = Release|Any CPU
		{F9945146-5679-4B8E-A29E-33F63D38AC97}.Release|x64.ActiveCfg = Release|Any CPU
		{F9945146-5679-4B8E-A29E-33F63D38AC97}.Release|x64.Build.0 = Release|Any CPU
		{F9945146-5679-4B8E-A29E-33F63D38AC97}.Release|x86.ActiveCfg = Release|x86
		{F9945146-5679-4B8E-A29E-33F63D38AC97}.Release|x86.Build.0 = Release|x86
		{F50891BF-7F53-493F-A950-39DC34F01B61}.Debug|Any CPU.ActiveCfg = Debug|Any CPU
		{F50891BF-7F53-493F-A950-39DC34F01B61}.Debug|Any CPU.Build.0 = Debug|Any CPU
		{F50891BF-7F53-493F-A950-39DC34F01B61}.Debug|x64.ActiveCfg = Debug|Any CPU
		{F50891BF-7F53-493F-A950-39DC34F01B61}.Debug|x64.Build.0 = Debug|Any CPU
		{F50891BF-7F53-493F-A950-39DC34F01B61}.Debug|x86.ActiveCfg = Debug|Any CPU
		{F50891BF-7F53-493F-A950-39DC34F01B61}.Debug|x86.Build.0 = Debug|Any CPU
		{F50891BF-7F53-493F-A950-39DC34F01B61}.Release|Any CPU.ActiveCfg = Release|Any CPU
		{F50891BF-7F53-493F-A950-39DC34F01B61}.Release|Any CPU.Build.0 = Release|Any CPU
		{F50891BF-7F53-493F-A950-39DC34F01B61}.Release|x64.ActiveCfg = Release|Any CPU
		{F50891BF-7F53-493F-A950-39DC34F01B61}.Release|x64.Build.0 = Release|Any CPU
		{F50891BF-7F53-493F-A950-39DC34F01B61}.Release|x86.ActiveCfg = Release|Any CPU
		{F50891BF-7F53-493F-A950-39DC34F01B61}.Release|x86.Build.0 = Release|Any CPU
		{D2653603-AA60-424F-8F25-00CE070F25DB}.Debug|Any CPU.ActiveCfg = Debug|Any CPU
		{D2653603-AA60-424F-8F25-00CE070F25DB}.Debug|Any CPU.Build.0 = Debug|Any CPU
		{D2653603-AA60-424F-8F25-00CE070F25DB}.Debug|x64.ActiveCfg = Debug|Any CPU
		{D2653603-AA60-424F-8F25-00CE070F25DB}.Debug|x64.Build.0 = Debug|Any CPU
		{D2653603-AA60-424F-8F25-00CE070F25DB}.Debug|x86.ActiveCfg = Debug|Any CPU
		{D2653603-AA60-424F-8F25-00CE070F25DB}.Debug|x86.Build.0 = Debug|Any CPU
		{D2653603-AA60-424F-8F25-00CE070F25DB}.Release|Any CPU.ActiveCfg = Release|Any CPU
		{D2653603-AA60-424F-8F25-00CE070F25DB}.Release|Any CPU.Build.0 = Release|Any CPU
		{D2653603-AA60-424F-8F25-00CE070F25DB}.Release|x64.ActiveCfg = Release|Any CPU
		{D2653603-AA60-424F-8F25-00CE070F25DB}.Release|x64.Build.0 = Release|Any CPU
		{D2653603-AA60-424F-8F25-00CE070F25DB}.Release|x86.ActiveCfg = Release|Any CPU
		{D2653603-AA60-424F-8F25-00CE070F25DB}.Release|x86.Build.0 = Release|Any CPU
		{499D6F44-F42B-42AB-9DF2-6C29C1DBDA25}.Debug|Any CPU.ActiveCfg = Debug|Any CPU
		{499D6F44-F42B-42AB-9DF2-6C29C1DBDA25}.Debug|Any CPU.Build.0 = Debug|Any CPU
		{499D6F44-F42B-42AB-9DF2-6C29C1DBDA25}.Debug|x64.ActiveCfg = Debug|Any CPU
		{499D6F44-F42B-42AB-9DF2-6C29C1DBDA25}.Debug|x64.Build.0 = Debug|Any CPU
		{499D6F44-F42B-42AB-9DF2-6C29C1DBDA25}.Debug|x86.ActiveCfg = Debug|Any CPU
		{499D6F44-F42B-42AB-9DF2-6C29C1DBDA25}.Debug|x86.Build.0 = Debug|Any CPU
		{499D6F44-F42B-42AB-9DF2-6C29C1DBDA25}.Release|Any CPU.ActiveCfg = Release|Any CPU
		{499D6F44-F42B-42AB-9DF2-6C29C1DBDA25}.Release|Any CPU.Build.0 = Release|Any CPU
		{499D6F44-F42B-42AB-9DF2-6C29C1DBDA25}.Release|x64.ActiveCfg = Release|Any CPU
		{499D6F44-F42B-42AB-9DF2-6C29C1DBDA25}.Release|x64.Build.0 = Release|Any CPU
		{499D6F44-F42B-42AB-9DF2-6C29C1DBDA25}.Release|x86.ActiveCfg = Release|Any CPU
		{499D6F44-F42B-42AB-9DF2-6C29C1DBDA25}.Release|x86.Build.0 = Release|Any CPU
		{2819E787-BC10-4316-A48C-5230955BBCA7}.Debug|Any CPU.ActiveCfg = Debug|Any CPU
		{2819E787-BC10-4316-A48C-5230955BBCA7}.Debug|Any CPU.Build.0 = Debug|Any CPU
		{2819E787-BC10-4316-A48C-5230955BBCA7}.Debug|x64.ActiveCfg = Debug|Any CPU
		{2819E787-BC10-4316-A48C-5230955BBCA7}.Debug|x64.Build.0 = Debug|Any CPU
		{2819E787-BC10-4316-A48C-5230955BBCA7}.Debug|x86.ActiveCfg = Debug|Any CPU
		{2819E787-BC10-4316-A48C-5230955BBCA7}.Debug|x86.Build.0 = Debug|Any CPU
		{2819E787-BC10-4316-A48C-5230955BBCA7}.Release|Any CPU.ActiveCfg = Release|Any CPU
		{2819E787-BC10-4316-A48C-5230955BBCA7}.Release|Any CPU.Build.0 = Release|Any CPU
		{2819E787-BC10-4316-A48C-5230955BBCA7}.Release|x64.ActiveCfg = Release|Any CPU
		{2819E787-BC10-4316-A48C-5230955BBCA7}.Release|x64.Build.0 = Release|Any CPU
		{2819E787-BC10-4316-A48C-5230955BBCA7}.Release|x86.ActiveCfg = Release|Any CPU
		{2819E787-BC10-4316-A48C-5230955BBCA7}.Release|x86.Build.0 = Release|Any CPU
		{F31299DC-288F-4E46-A3AF-6BF461B21C79}.Debug|Any CPU.ActiveCfg = Debug|Any CPU
		{F31299DC-288F-4E46-A3AF-6BF461B21C79}.Debug|Any CPU.Build.0 = Debug|Any CPU
		{F31299DC-288F-4E46-A3AF-6BF461B21C79}.Debug|x64.ActiveCfg = Debug|Any CPU
		{F31299DC-288F-4E46-A3AF-6BF461B21C79}.Debug|x64.Build.0 = Debug|Any CPU
		{F31299DC-288F-4E46-A3AF-6BF461B21C79}.Debug|x86.ActiveCfg = Debug|x86
		{F31299DC-288F-4E46-A3AF-6BF461B21C79}.Debug|x86.Build.0 = Debug|x86
		{F31299DC-288F-4E46-A3AF-6BF461B21C79}.Release|Any CPU.ActiveCfg = Release|Any CPU
		{F31299DC-288F-4E46-A3AF-6BF461B21C79}.Release|Any CPU.Build.0 = Release|Any CPU
		{F31299DC-288F-4E46-A3AF-6BF461B21C79}.Release|x64.ActiveCfg = Release|Any CPU
		{F31299DC-288F-4E46-A3AF-6BF461B21C79}.Release|x64.Build.0 = Release|Any CPU
		{F31299DC-288F-4E46-A3AF-6BF461B21C79}.Release|x86.ActiveCfg = Release|x86
		{F31299DC-288F-4E46-A3AF-6BF461B21C79}.Release|x86.Build.0 = Release|x86
	EndGlobalSection
	GlobalSection(SolutionProperties) = preSolution
		HideSolutionNode = FALSE
	EndGlobalSection
	GlobalSection(NestedProjects) = preSolution
		{F6D12EA0-E40B-4AAC-B4E5-07F8FB78A0A7} = {ACA5D5F5-BA2F-4768-AAF1-C8DCA59A4FC7}
		{F9945146-5679-4B8E-A29E-33F63D38AC97} = {31F56CC0-90BB-473A-B4CB-2448D0BCFD43}
		{F50891BF-7F53-493F-A950-39DC34F01B61} = {31F56CC0-90BB-473A-B4CB-2448D0BCFD43}
		{D2653603-AA60-424F-8F25-00CE070F25DB} = {CC3ED9F3-C8AC-4F3E-B7F7-E84027D21071}
		{499D6F44-F42B-42AB-9DF2-6C29C1DBDA25} = {CC3ED9F3-C8AC-4F3E-B7F7-E84027D21071}
		{2819E787-BC10-4316-A48C-5230955BBCA7} = {916D0CC0-4C49-4C74-A0E1-D0888CBDCE44}
	EndGlobalSection
	GlobalSection(ExtensibilityGlobals) = postSolution
		SolutionGuid = {C6EE35ED-5742-4985-8E35-9C90219E728D}
	EndGlobalSection
EndGlobal
